
Microsoft Visual Studio Solution File, Format Version 12.00
# Visual Studio Version 17
VisualStudioVersion = 17.9.34607.119
MinimumVisualStudioVersion = 10.0.40219.1
Project("{FAE04EC0-301F-11D3-BF4B-00C04F79EFBC}") = "KrillMonitoringSystem", "KrillMonitoringSystem.csproj", "{FD755F40-D290-4B94-9517-A9323599CD9D}"
EndProject
Global
	GlobalSection(SolutionConfigurationPlatforms) = preSolution
		Debug|Any CPU = Debug|Any CPU
		Release|Any CPU = Release|Any CPU
	EndGlobalSection
	GlobalSection(ProjectConfigurationPlatforms) = postSolution
		{FD755F40-D290-4B94-9517-A9323599CD9D}.Debug|Any CPU.ActiveCfg = Debug|Any CPU
		{FD755F40-D290-4B94-9517-A9323599CD9D}.Debug|Any CPU.Build.0 = Debug|Any CPU
		{FD755F40-D290-4B94-9517-A9323599CD9D}.Release|Any CPU.ActiveCfg = Release|Any CPU
		{FD755F40-D290-4B94-9517-A9323599CD9D}.Release|Any CPU.Build.0 = Release|Any CPU
	EndGlobalSection
	GlobalSection(SolutionProperties) = preSolution
		HideSolutionNode = FALSE
	EndGlobalSection
	GlobalSection(ExtensibilityGlobals) = postSolution
		SolutionGuid = {EA6BD767-173B-48D9-A5AE-F3C8ECDF5830}
	EndGlobalSection
EndGlobal
